// !$*UTF8*$!
{
	archiveVersion = 1;
	classes = {
	};
	objectVersion = 46;
	objects = {

/* Begin PBXBuildFile section */
		34A045161D3AF1680095402A /* DetailedViewController.swift in Sources */ = {isa = PBXBuildFile; fileRef = 34A045151D3AF1680095402A /* DetailedViewController.swift */; };
		34A045181D3C72250095402A /* GridViewCell.swift in Sources */ = {isa = PBXBuildFile; fileRef = 34A045171D3C72250095402A /* GridViewCell.swift */; };
		34B4D2891D37321000D3849D /* AppDelegate.swift in Sources */ = {isa = PBXBuildFile; fileRef = 34B4D2881D37321000D3849D /* AppDelegate.swift */; };
		34B4D28E1D37321000D3849D /* Main.storyboard in Resources */ = {isa = PBXBuildFile; fileRef = 34B4D28C1D37321000D3849D /* Main.storyboard */; };
		34B4D2901D37321000D3849D /* Assets.xcassets in Resources */ = {isa = PBXBuildFile; fileRef = 34B4D28F1D37321000D3849D /* Assets.xcassets */; };
		34B4D2931D37321000D3849D /* LaunchScreen.storyboard in Resources */ = {isa = PBXBuildFile; fileRef = 34B4D2911D37321000D3849D /* LaunchScreen.storyboard */; };
		34B4D29B1D37328B00D3849D /* MoviesViewController.swift in Sources */ = {isa = PBXBuildFile; fileRef = 34B4D29A1D37328B00D3849D /* MoviesViewController.swift */; };
		34B4D29F1D383F5300D3849D /* MovieCell.swift in Sources */ = {isa = PBXBuildFile; fileRef = 34B4D29E1D383F5300D3849D /* MovieCell.swift */; };
		5F9009965106B14FE21BBA38 /* Pods_MovieWoch.framework in Frameworks */ = {isa = PBXBuildFile; fileRef = DE651A63B6363D5146ADE17C /* Pods_MovieWoch.framework */; };
/* End PBXBuildFile section */

/* Begin PBXFileReference section */
		34A045151D3AF1680095402A /* DetailedViewController.swift */ = {isa = PBXFileReference; fileEncoding = 4; lastKnownFileType = sourcecode.swift; path = DetailedViewController.swift; sourceTree = "<group>"; };
		34A045171D3C72250095402A /* GridViewCell.swift */ = {isa = PBXFileReference; fileEncoding = 4; lastKnownFileType = sourcecode.swift; path = GridViewCell.swift; sourceTree = "<group>"; };
		34B4D2851D37321000D3849D /* MovieWoch.app */ = {isa = PBXFileReference; explicitFileType = wrapper.application; includeInIndex = 0; path = MovieWoch.app; sourceTree = BUILT_PRODUCTS_DIR; };
		34B4D2881D37321000D3849D /* AppDelegate.swift */ = {isa = PBXFileReference; lastKnownFileType = sourcecode.swift; path = AppDelegate.swift; sourceTree = "<group>"; };
		34B4D28D1D37321000D3849D /* Base */ = {isa = PBXFileReference; lastKnownFileType = file.storyboard; name = Base; path = Base.lproj/Main.storyboard; sourceTree = "<group>"; };
		34B4D28F1D37321000D3849D /* Assets.xcassets */ = {isa = PBXFileReference; lastKnownFileType = folder.assetcatalog; path = Assets.xcassets; sourceTree = "<group>"; };
		34B4D2921D37321000D3849D /* Base */ = {isa = PBXFileReference; lastKnownFileType = file.storyboard; name = Base; path = Base.lproj/LaunchScreen.storyboard; sourceTree = "<group>"; };
		34B4D2941D37321000D3849D /* Info.plist */ = {isa = PBXFileReference; lastKnownFileType = text.plist.xml; path = Info.plist; sourceTree = "<group>"; };
		34B4D29A1D37328B00D3849D /* MoviesViewController.swift */ = {isa = PBXFileReference; fileEncoding = 4; lastKnownFileType = sourcecode.swift; path = MoviesViewController.swift; sourceTree = "<group>"; };
		34B4D29E1D383F5300D3849D /* MovieCell.swift */ = {isa = PBXFileReference; fileEncoding = 4; lastKnownFileType = sourcecode.swift; path = MovieCell.swift; sourceTree = "<group>"; };
		5C1DB94C76C8F18329BE8D9D /* Pods-MovieWoch.release.xcconfig */ = {isa = PBXFileReference; includeInIndex = 1; lastKnownFileType = text.xcconfig; name = "Pods-MovieWoch.release.xcconfig"; path = "Pods/Target Support Files/Pods-MovieWoch/Pods-MovieWoch.release.xcconfig"; sourceTree = "<group>"; };
		DE651A63B6363D5146ADE17C /* Pods_MovieWoch.framework */ = {isa = PBXFileReference; explicitFileType = wrapper.framework; includeInIndex = 0; path = Pods_MovieWoch.framework; sourceTree = BUILT_PRODUCTS_DIR; };
		FE89C4B30CF948374721E178 /* Pods-MovieWoch.debug.xcconfig */ = {isa = PBXFileReference; includeInIndex = 1; lastKnownFileType = text.xcconfig; name = "Pods-MovieWoch.debug.xcconfig"; path = "Pods/Target Support Files/Pods-MovieWoch/Pods-MovieWoch.debug.xcconfig"; sourceTree = "<group>"; };
/* End PBXFileReference section */

/* Begin PBXFrameworksBuildPhase section */
		34B4D2821D37321000D3849D /* Frameworks */ = {
			isa = PBXFrameworksBuildPhase;
			buildActionMask = 2147483647;
			files = (
				5F9009965106B14FE21BBA38 /* Pods_MovieWoch.framework in Frameworks */,
			);
			runOnlyForDeploymentPostprocessing = 0;
		};
/* End PBXFrameworksBuildPhase section */

/* Begin PBXGroup section */
		34B4D27C1D37321000D3849D = {
			isa = PBXGroup;
			children = (
				34B4D2871D37321000D3849D /* MovieWoch */,
				34B4D2861D37321000D3849D /* Products */,
				61CB8E98900D85FDA989AFBD /* Pods */,
				A1EA47FC25F9F66685EE9784 /* Frameworks */,
			);
			sourceTree = "<group>";
		};
		34B4D2861D37321000D3849D /* Products */ = {
			isa = PBXGroup;
			children = (
				34B4D2851D37321000D3849D /* MovieWoch.app */,
			);
			name = Products;
			sourceTree = "<group>";
		};
		34B4D2871D37321000D3849D /* MovieWoch */ = {
			isa = PBXGroup;
			children = (
				34B4D29D1D383F1800D3849D /* controllers */,
				34B4D29C1D383F0E00D3849D /* views */,
				34B4D2881D37321000D3849D /* AppDelegate.swift */,
				34B4D28C1D37321000D3849D /* Main.storyboard */,
				34B4D28F1D37321000D3849D /* Assets.xcassets */,
				34B4D2911D37321000D3849D /* LaunchScreen.storyboard */,
				34B4D2941D37321000D3849D /* Info.plist */,
			);
			path = MovieWoch;
			sourceTree = "<group>";
		};
		34B4D29C1D383F0E00D3849D /* views */ = {
			isa = PBXGroup;
			children = (
				34B4D29E1D383F5300D3849D /* MovieCell.swift */,
				34A045171D3C72250095402A /* GridViewCell.swift */,
			);
			name = views;
			sourceTree = "<group>";
		};
		34B4D29D1D383F1800D3849D /* controllers */ = {
			isa = PBXGroup;
			children = (
				34B4D29A1D37328B00D3849D /* MoviesViewController.swift */,
				34A045151D3AF1680095402A /* DetailedViewController.swift */,
			);
			name = controllers;
			sourceTree = "<group>";
		};
		61CB8E98900D85FDA989AFBD /* Pods */ = {
			isa = PBXGroup;
			children = (
				FE89C4B30CF948374721E178 /* Pods-MovieWoch.debug.xcconfig */,
				5C1DB94C76C8F18329BE8D9D /* Pods-MovieWoch.release.xcconfig */,
			);
			name = Pods;
			sourceTree = "<group>";
		};
		A1EA47FC25F9F66685EE9784 /* Frameworks */ = {
			isa = PBXGroup;
			children = (
				DE651A63B6363D5146ADE17C /* Pods_MovieWoch.framework */,
			);
			name = Frameworks;
			sourceTree = "<group>";
		};
/* End PBXGroup section */

/* Begin PBXNativeTarget section */
		34B4D2841D37321000D3849D /* MovieWoch */ = {
			isa = PBXNativeTarget;
			buildConfigurationList = 34B4D2971D37321000D3849D /* Build configuration list for PBXNativeTarget "MovieWoch" */;
			buildPhases = (
				8B5E14E4FFE7E749E1FE2135 /* [CP] Check Pods Manifest.lock */,
				34B4D2811D37321000D3849D /* Sources */,
				34B4D2821D37321000D3849D /* Frameworks */,
				34B4D2831D37321000D3849D /* Resources */,
				626D2C24BFBE4AEFA04E6479 /* [CP] Embed Pods Frameworks */,
				A0D2366604B0546C02C69EB5 /* [CP] Copy Pods Resources */,
			);
			buildRules = (
			);
			dependencies = (
			);
			name = MovieWoch;
			productName = MovieWoch;
			productReference = 34B4D2851D37321000D3849D /* MovieWoch.app */;
			productType = "com.apple.product-type.application";
		};
/* End PBXNativeTarget section */

/* Begin PBXProject section */
		34B4D27D1D37321000D3849D /* Project object */ = {
			isa = PBXProject;
			attributes = {
				LastSwiftUpdateCheck = 0730;
				LastUpgradeCheck = 0730;
				ORGANIZATIONNAME = walmart;
				TargetAttributes = {
					34B4D2841D37321000D3849D = {
						CreatedOnToolsVersion = 7.3.1;
					};
				};
			};
			buildConfigurationList = 34B4D2801D37321000D3849D /* Build configuration list for PBXProject "MovieWoch" */;
			compatibilityVersion = "Xcode 3.2";
			developmentRegion = English;
			hasScannedForEncodings = 0;
			knownRegions = (
				en,
				Base,
			);
			mainGroup = 34B4D27C1D37321000D3849D;
			productRefGroup = 34B4D2861D37321000D3849D /* Products */;
			projectDirPath = "";
			projectRoot = "";
			targets = (
				34B4D2841D37321000D3849D /* MovieWoch */,
			);
		};
/* End PBXProject section */

/* Begin PBXResourcesBuildPhase section */
		34B4D2831D37321000D3849D /* Resources */ = {
			isa = PBXResourcesBuildPhase;
			buildActionMask = 2147483647;
			files = (
				34B4D2931D37321000D3849D /* LaunchScreen.storyboard in Resources */,
				34B4D2901D37321000D3849D /* Assets.xcassets in Resources */,
				34B4D28E1D37321000D3849D /* Main.storyboard in Resources */,
			);
			runOnlyForDeploymentPostprocessing = 0;
		};
/* End PBXResourcesBuildPhase section */

/* Begin PBXShellScriptBuildPhase section */
		626D2C24BFBE4AEFA04E6479 /* [CP] Embed Pods Frameworks */ = {
			isa = PBXShellScriptBuildPhase;
			buildActionMask = 2147483647;
			files = (
			);
			inputPaths = (
			);
			name = "[CP] Embed Pods Frameworks";
			outputPaths = (
			);
			runOnlyForDeploymentPostprocessing = 0;
			shellPath = /bin/sh;
			shellScript = "\"${SRCROOT}/Pods/Target Support Files/Pods-MovieWoch/Pods-MovieWoch-frameworks.sh\"\n";
			showEnvVarsInLog = 0;
		};
		8B5E14E4FFE7E749E1FE2135 /* [CP] Check Pods Manifest.lock */ = {
			isa = PBXShellScriptBuildPhase;
			buildActionMask = 2147483647;
			files = (
			);
			inputPaths = (
			);
			name = "[CP] Check Pods Manifest.lock";
			outputPaths = (
			);
			runOnlyForDeploymentPostprocessing = 0;
			shellPath = /bin/sh;
			shellScript = "diff \"${PODS_ROOT}/../Podfile.lock\" \"${PODS_ROOT}/Manifest.lock\" > /dev/null\nif [[ $? != 0 ]] ; then\n    cat << EOM\nerror: The sandbox is not in sync with the Podfile.lock. Run 'pod install' or update your CocoaPods installation.\nEOM\n    exit 1\nfi\n";
			showEnvVarsInLog = 0;
		};
		A0D2366604B0546C02C69EB5 /* [CP] Copy Pods Resources */ = {
			isa = PBXShellScriptBuildPhase;
			buildActionMask = 2147483647;
			files = (
			);
			inputPaths = (
			);
			name = "[CP] Copy Pods Resources";
			outputPaths = (
			);
			runOnlyForDeploymentPostprocessing = 0;
			shellPath = /bin/sh;
			shellScript = "\"${SRCROOT}/Pods/Target Support Files/Pods-MovieWoch/Pods-MovieWoch-resources.sh\"\n";
			showEnvVarsInLog = 0;
		};
/* End PBXShellScriptBuildPhase section */

/* Begin PBXSourcesBuildPhase section */
		34B4D2811D37321000D3849D /* Sources */ = {
			isa = PBXSourcesBuildPhase;
			buildActionMask = 2147483647;
			files = (
				34B4D2891D37321000D3849D /* AppDelegate.swift in Sources */,
				34A045181D3C72250095402A /* GridViewCell.swift in Sources */,
				34B4D29B1D37328B00D3849D /* MoviesViewController.swift in Sources */,
				34A045161D3AF1680095402A /* DetailedViewController.swift in Sources */,
				34B4D29F1D383F5300D3849D /* MovieCell.swift in Sources */,
			);
			runOnlyForDeploymentPostprocessing = 0;
		};
/* End PBXSourcesBuildPhase section */

/* Begin PBXVariantGroup section */
		34B4D28C1D37321000D3849D /* Main.storyboard */ = {
			isa = PBXVariantGroup;
			children = (
				34B4D28D1D37321000D3849D /* Base */,
			);
			name = Main.storyboard;
			sourceTree = "<group>";
		};
		34B4D2911D37321000D3849D /* LaunchScreen.storyboard */ = {
			isa = PBXVariantGroup;
			children = (
				34B4D2921D37321000D3849D /* Base */,
			);
			name = LaunchScreen.storyboard;
			sourceTree = "<group>";
		};
/* End PBXVariantGroup section */

/* Begin XCBuildConfiguration section */
		34B4D2951D37321000D3849D /* Debug */ = {
			isa = XCBuildConfiguration;
			buildSettings = {
				ALWAYS_SEARCH_USER_PATHS = NO;
				CLANG_ANALYZER_NONNULL = YES;
				CLANG_CXX_LANGUAGE_STANDARD = "gnu++0x";
				CLANG_CXX_LIBRARY = "libc++";
				CLANG_ENABLE_MODULES = YES;
				CLANG_ENABLE_OBJC_ARC = YES;
				CLANG_WARN_BOOL_CONVERSION = YES;
				CLANG_WARN_CONSTANT_CONVERSION = YES;
				CLANG_WARN_DIRECT_OBJC_ISA_USAGE = YES_ERROR;
				CLANG_WARN_EMPTY_BODY = YES;
				CLANG_WARN_ENUM_CONVERSION = YES;
				CLANG_WARN_INT_CONVERSION = YES;
				CLANG_WARN_OBJC_ROOT_CLASS = YES_ERROR;
				CLANG_WARN_UNREACHABLE_CODE = YES;
				CLANG_WARN__DUPLICATE_METHOD_MATCH = YES;
				"CODE_SIGN_IDENTITY[sdk=iphoneos*]" = "iPhone Developer";
				COPY_PHASE_STRIP = NO;
				DEBUG_INFORMATION_FORMAT = dwarf;
				ENABLE_STRICT_OBJC_MSGSEND = YES;
				ENABLE_TESTABILITY = YES;
				GCC_C_LANGUAGE_STANDARD = gnu99;
				GCC_DYNAMIC_NO_PIC = NO;
				GCC_NO_COMMON_BLOCKS = YES;
				GCC_OPTIMIZATION_LEVEL = 0;
				GCC_PREPROCESSOR_DEFINITIONS = (
					"DEBUG=1",
					"$(inherited)",
				);
				GCC_WARN_64_TO_32_BIT_CONVERSION = YES;
				GCC_WARN_ABOUT_RETURN_TYPE = YES_ERROR;
				GCC_WARN_UNDECLARED_SELECTOR = YES;
				GCC_WARN_UNINITIALIZED_AUTOS = YES_AGGRESSIVE;
				GCC_WARN_UNUSED_FUNCTION = YES;
				GCC_WARN_UNUSED_VARIABLE = YES;
				IPHONEOS_DEPLOYMENT_TARGET = 9.3;
				MTL_ENABLE_DEBUG_INFO = YES;
				ONLY_ACTIVE_ARCH = YES;
				SDKROOT = iphoneos;
				SWIFT_OPTIMIZATION_LEVEL = "-Onone";
			};
			name = Debug;
		};
		34B4D2961D37321000D3849D /* Release */ = {
			isa = XCBuildConfiguration;
			buildSettings = {
				ALWAYS_SEARCH_USER_PATHS = NO;
				CLANG_ANALYZER_NONNULL = YES;
				CLANG_CXX_LANGUAGE_STANDARD = "gnu++0x";
				CLANG_CXX_LIBRARY = "libc++";
				CLANG_ENABLE_MODULES = YES;
				CLANG_ENABLE_OBJC_ARC = YES;
				CLANG_WARN_BOOL_CONVERSION = YES;
				CLANG_WARN_CONSTANT_CONVERSION = YES;
				CLANG_WARN_DIRECT_OBJC_ISA_USAGE = YES_ERROR;
				CLANG_WARN_EMPTY_BODY = YES;
				CLANG_WARN_ENUM_CONVERSION = YES;
				CLANG_WARN_INT_CONVERSION = YES;
				CLANG_WARN_OBJC_ROOT_CLASS = YES_ERROR;
				CLANG_WARN_UNREACHABLE_CODE = YES;
				CLANG_WARN__DUPLICATE_METHOD_MATCH = YES;
				"CODE_SIGN_IDENTITY[sdk=iphoneos*]" = "iPhone Developer";
				COPY_PHASE_STRIP = NO;
				DEBUG_INFORMATION_FORMAT = "dwarf-with-dsym";
				ENABLE_NS_ASSERTIONS = NO;
				ENABLE_STRICT_OBJC_MSGSEND = YES;
				GCC_C_LANGUAGE_STANDARD = gnu99;
				GCC_NO_COMMON_BLOCKS = YES;
				GCC_WARN_64_TO_32_BIT_CONVERSION = YES;
				GCC_WARN_ABOUT_RETURN_TYPE = YES_ERROR;
				GCC_WARN_UNDECLARED_SELECTOR = YES;
				GCC_WARN_UNINITIALIZED_AUTOS = YES_AGGRESSIVE;
				GCC_WARN_UNUSED_FUNCTION = YES;
				GCC_WARN_UNUSED_VARIABLE = YES;
				IPHONEOS_DEPLOYMENT_TARGET = 9.3;
				MTL_ENABLE_DEBUG_INFO = NO;
				SDKROOT = iphoneos;
				VALIDATE_PRODUCT = YES;
			};
			name = Release;
		};
		34B4D2981D37321000D3849D /* Debug */ = {
			isa = XCBuildConfiguration;
			baseConfigurationReference = FE89C4B30CF948374721E178 /* Pods-MovieWoch.debug.xcconfig */;
			buildSettings = {
				ASSETCATALOG_COMPILER_APPICON_NAME = AppIcon;
				INFOPLIST_FILE = MovieWoch/Info.plist;
				LD_RUNPATH_SEARCH_PATHS = "$(inherited) @executable_path/Frameworks";
				PRODUCT_BUNDLE_IDENTIFIER = performance.MovieWoch;
				PRODUCT_NAME = "$(TARGET_NAME)";
			};
			name = Debug;
		};
		34B4D2991D37321000D3849D /* Release */ = {
			isa = XCBuildConfiguration;
			baseConfigurationReference = 5C1DB94C76C8F18329BE8D9D /* Pods-MovieWoch.release.xcconfig */;
			buildSettings = {
				ASSETCATALOG_COMPILER_APPICON_NAME = AppIcon;
				INFOPLIST_FILE = MovieWoch/Info.plist;
				LD_RUNPATH_SEARCH_PATHS = "$(inherited) @executable_path/Frameworks";
				PRODUCT_BUNDLE_IDENTIFIER = performance.MovieWoch;
				PRODUCT_NAME = "$(TARGET_NAME)";
			};
			name = Release;
		};
/* End XCBuildConfiguration section */

/* Begin XCConfigurationList section */
		34B4D2801D37321000D3849D /* Build configuration list for PBXProject "MovieWoch" */ = {
			isa = XCConfigurationList;
			buildConfigurations = (
				34B4D2951D37321000D3849D /* Debug */,
				34B4D2961D37321000D3849D /* Release */,
			);
			defaultConfigurationIsVisible = 0;
			defaultConfigurationName = Release;
		};
		34B4D2971D37321000D3849D /* Build configuration list for PBXNativeTarget "MovieWoch" */ = {
			isa = XCConfigurationList;
			buildConfigurations = (
				34B4D2981D37321000D3849D /* Debug */,
				34B4D2991D37321000D3849D /* Release */,
			);
			defaultConfigurationIsVisible = 0;
			defaultConfigurationName = Release;
		};
/* End XCConfigurationList section */
	};
	rootObject = 34B4D27D1D37321000D3849D /* Project object */;
}
